{
  "name": "d120-djangocms",
  "lockfileVersion": 2,
  "requires": true,
  "packages": {
    "": {
      "name": "d120-djangocms",
      "license": "UNLICENSED",
      "dependencies": {
        "@fontsource/libre-franklin": "^4.5.9",
        "bootstrap": "^4.5.3",
        "font-awesome": "^4.7.0",
        "jquery": "^3.6.0"
      }
    },
    "node_modules/@fontsource/libre-franklin": {
      "version": "4.5.9",
      "resolved": "https://registry.npmjs.org/@fontsource/libre-franklin/-/libre-franklin-4.5.9.tgz",
      "integrity": "sha512-QzURsEUGkV6KOykbLcwYcqtnp0RY42I4xI+zJ2x8kBD5wFf8AJOa4nWEgsAR0VXDctz6n5/bgjhJc/tF0JRZcw=="
    },
    "node_modules/bootstrap": {
      "version": "4.5.3",
      "resolved": "https://registry.npmjs.org/bootstrap/-/bootstrap-4.5.3.tgz",
      "integrity": "sha512-o9ppKQioXGqhw8Z7mah6KdTYpNQY//tipnkxppWhPbiSWdD+1raYsnhwEZjkTHYbGee4cVQ0Rx65EhOY/HNLcQ==",
      "funding": {
        "type": "opencollective",
        "url": "https://opencollective.com/bootstrap"
      },
      "peerDependencies": {
        "jquery": "1.9.1 - 3",
        "popper.js": "^1.16.1"
      }
    },
    "node_modules/font-awesome": {
      "version": "4.7.0",
      "resolved": "https://registry.npmjs.org/font-awesome/-/font-awesome-4.7.0.tgz",
      "integrity": "sha1-j6jPBBGhoxr9B7BtKQK7n8gVoTM=",
      "engines": {
        "node": ">=0.10.3"
      }
    },
    "node_modules/jquery": {
      "version": "3.6.0",
      "resolved": "https://registry.npmjs.org/jquery/-/jquery-3.6.0.tgz",
      "integrity": "sha512-JVzAR/AjBvVt2BmYhxRCSYysDsPcssdmTFnzyLEts9qNwmjmu4JTAMYubEfwVOSwpQ1I1sKKFcxhZCI2buerfw=="
    }
  },
  "dependencies": {
    "@fontsource/libre-franklin": {
      "version": "4.5.9",
      "resolved": "https://registry.npmjs.org/@fontsource/libre-franklin/-/libre-franklin-4.5.9.tgz",
      "integrity": "sha512-QzURsEUGkV6KOykbLcwYcqtnp0RY42I4xI+zJ2x8kBD5wFf8AJOa4nWEgsAR0VXDctz6n5/bgjhJc/tF0JRZcw=="
    },
    "bootstrap": {
      "version": "4.5.3",
      "resolved": "https://registry.npmjs.org/bootstrap/-/bootstrap-4.5.3.tgz",
      "integrity": "sha512-o9ppKQioXGqhw8Z7mah6KdTYpNQY//tipnkxppWhPbiSWdD+1raYsnhwEZjkTHYbGee4cVQ0Rx65EhOY/HNLcQ==",
      "requires": {}
    },
    "font-awesome": {
      "version": "4.7.0",
      "resolved": "https://registry.npmjs.org/font-awesome/-/font-awesome-4.7.0.tgz",
      "integrity": "sha1-j6jPBBGhoxr9B7BtKQK7n8gVoTM="
    },
    "jquery": {
      "version": "3.6.0",
      "resolved": "https://registry.npmjs.org/jquery/-/jquery-3.6.0.tgz",
      "integrity": "sha512-JVzAR/AjBvVt2BmYhxRCSYysDsPcssdmTFnzyLEts9qNwmjmu4JTAMYubEfwVOSwpQ1I1sKKFcxhZCI2buerfw=="
    }
  }
}
